6161
/Users/louissantucci/.sdkman/candidates/java/17.0.14-tem/bin/java -javaagent:/Users/louissantucci/.m2/repository/org/jacoco/org.jacoco.agent/0.8.12/org.jacoco.agent-0.8.12-runtime.jar=destfile=/Users/louissantucci/Documents/projects/LSADF/lsadf_backend/lsadf_admin/target/jacoco.exec -jar /Users/louissantucci/Documents/projects/LSADF/lsadf_backend/lsadf_admin/target/surefire/surefirebooter-20250827204252470_426.jar /Users/louissantucci/Documents/projects/LSADF/lsadf_backend/lsadf_admin/target/surefire 2025-08-27T20-42-06_599-jvmRun1 surefire-20250827204252470_424tmp surefire_1-20250827204252470_425tmp
